
Microsoft Visual Studio Solution File, Format Version 12.00
# Visual Studio 15
VisualStudioVersion = 15.0.28010.2036
MinimumVisualStudioVersion = 10.0.40219.1
Project("{FAE04EC0-301F-11D3-BF4B-00C04F79EFBC}") = "BookingAppStore", "BookingAppStore\BookingAppStore.csproj", "{A48816F2-6420-41C9-BEC6-DE7D61A3D378}"
EndProject
Global
	GlobalSection(SolutionConfigurationPlatforms) = preSolution
		Debug|Any CPU = Debug|Any CPU
		Release|Any CPU = Release|Any CPU
	EndGlobalSection
	GlobalSection(ProjectConfigurationPlatforms) = postSolution
		{A48816F2-6420-41C9-BEC6-DE7D61A3D378}.Debug|Any CPU.ActiveCfg = Debug|Any CPU
		{A48816F2-6420-41C9-BEC6-DE7D61A3D378}.Debug|Any CPU.Build.0 = Debug|Any CPU
		{A48816F2-6420-41C9-BEC6-DE7D61A3D378}.Release|Any CPU.ActiveCfg = Release|Any CPU
		{A48816F2-6420-41C9-BEC6-DE7D61A3D378}.Release|Any CPU.Build.0 = Release|Any CPU
	EndGlobalSection
	GlobalSection(SolutionProperties) = preSolution
		HideSolutionNode = FALSE
	EndGlobalSection
	GlobalSection(ExtensibilityGlobals) = postSolution
		SolutionGuid = {9D17046E-B6CA-46DC-AE3B-B23F4CE7038D}
	EndGlobalSection
EndGlobal
